
Microsoft Visual Studio Solution File, Format Version 12.00
# Visual Studio 15
VisualStudioVersion = 15.0.27703.2035
MinimumVisualStudioVersion = 10.0.40219.1
Project("{FAE04EC0-301F-11D3-BF4B-00C04F79EFBC}") = "IEEE 754 Converter", "IEEE 754 Converter\IEEE 754 Converter.csproj", "{50CB2C18-C3A1-40AD-A0CA-756A35872E79}"
EndProject
Global
	GlobalSection(SolutionConfigurationPlatforms) = preSolution
		Debug|Any CPU = Debug|Any CPU
		Release|Any CPU = Release|Any CPU
	EndGlobalSection
	GlobalSection(ProjectConfigurationPlatforms) = postSolution
		{50CB2C18-C3A1-40AD-A0CA-756A35872E79}.Debug|Any CPU.ActiveCfg = Debug|Any CPU
		{50CB2C18-C3A1-40AD-A0CA-756A35872E79}.Debug|Any CPU.Build.0 = Debug|Any CPU
		{50CB2C18-C3A1-40AD-A0CA-756A35872E79}.Release|Any CPU.ActiveCfg = Release|Any CPU
		{50CB2C18-C3A1-40AD-A0CA-756A35872E79}.Release|Any CPU.Build.0 = Release|Any CPU
	EndGlobalSection
	GlobalSection(SolutionProperties) = preSolution
		HideSolutionNode = FALSE
	EndGlobalSection
	GlobalSection(ExtensibilityGlobals) = postSolution
		SolutionGuid = {1FEC0C15-01B6-44C1-8D9A-FFBBAF8E9F42}
	EndGlobalSection
EndGlobal
